
Microsoft Visual Studio Solution File, Format Version 12.00
# Visual Studio Version 17
VisualStudioVersion = 17.11.35312.102
MinimumVisualStudioVersion = 10.0.40219.1
Project("{FAE04EC0-301F-11D3-BF4B-00C04F79EFBC}") = "BlogApi", "BlogApi.csproj", "{2247D961-7251-4CD5-88CC-94B2BB7124BC}"
EndProject
Global
	GlobalSection(SolutionConfigurationPlatforms) = preSolution
		Debug|Any CPU = Debug|Any CPU
		Release|Any CPU = Release|Any CPU
	EndGlobalSection
	GlobalSection(ProjectConfigurationPlatforms) = postSolution
		{2247D961-7251-4CD5-88CC-94B2BB7124BC}.Debug|Any CPU.ActiveCfg = Debug|Any CPU
		{2247D961-7251-4CD5-88CC-94B2BB7124BC}.Debug|Any CPU.Build.0 = Debug|Any CPU
		{2247D961-7251-4CD5-88CC-94B2BB7124BC}.Release|Any CPU.ActiveCfg = Release|Any CPU
		{2247D961-7251-4CD5-88CC-94B2BB7124BC}.Release|Any CPU.Build.0 = Release|Any CPU
	EndGlobalSection
	GlobalSection(SolutionProperties) = preSolution
		HideSolutionNode = FALSE
	EndGlobalSection
	GlobalSection(ExtensibilityGlobals) = postSolution
		SolutionGuid = {C2E9CBCE-8EBB-4D00-A091-9481426585E8}
	EndGlobalSection
EndGlobal
